
Microsoft Visual Studio Solution File, Format Version 12.00
# Visual Studio Version 16
VisualStudioVersion = 16.0.30523.141
MinimumVisualStudioVersion = 10.0.40219.1
Project("{9A19103F-16F7-4668-BE54-9A1E7A4F7556}") = "Alex.Contacts.Service", "Alex.Contacts.Service\Alex.Contacts.Service.csproj", "{E0C11D79-6774-4207-97D9-F75C054CF59C}"
EndProject
Project("{9A19103F-16F7-4668-BE54-9A1E7A4F7556}") = "Alex.Addresses", "Alex.Addresses\Alex.Addresses.csproj", "{7AB1710C-18A6-405E-B7F7-768EBDF91A2A}"
EndProject
Project("{9A19103F-16F7-4668-BE54-9A1E7A4F7556}") = "Alex.DddBasics", "Alex.DddBasics\Alex.DddBasics.csproj", "{4DA97798-4D12-47D4-8E7F-59DFD53705FC}"
EndProject
Project("{FAE04EC0-301F-11D3-BF4B-00C04F79EFBC}") = "Alex.DddBasics.Test", "Alex.DddBasics.Test\Alex.DddBasics.Test.csproj", "{8428AEDF-5FD5-4201-8F8F-FBCA4A9036C5}"
EndProject
Project("{FAE04EC0-301F-11D3-BF4B-00C04F79EFBC}") = "Alex.Addresses.Test", "Alex.Addresses.Test\Alex.Addresses.Test.csproj", "{3482FC2C-3496-46D5-A39C-3DEDE482F7A0}"
EndProject
Global
	GlobalSection(SolutionConfigurationPlatforms) = preSolution
		Debug|Any CPU = Debug|Any CPU
		Release|Any CPU = Release|Any CPU
	EndGlobalSection
	GlobalSection(ProjectConfigurationPlatforms) = postSolution
		{E0C11D79-6774-4207-97D9-F75C054CF59C}.Debug|Any CPU.ActiveCfg = Debug|Any CPU
		{E0C11D79-6774-4207-97D9-F75C054CF59C}.Debug|Any CPU.Build.0 = Debug|Any CPU
		{E0C11D79-6774-4207-97D9-F75C054CF59C}.Release|Any CPU.ActiveCfg = Release|Any CPU
		{E0C11D79-6774-4207-97D9-F75C054CF59C}.Release|Any CPU.Build.0 = Release|Any CPU
		{7AB1710C-18A6-405E-B7F7-768EBDF91A2A}.Debug|Any CPU.ActiveCfg = Debug|Any CPU
		{7AB1710C-18A6-405E-B7F7-768EBDF91A2A}.Debug|Any CPU.Build.0 = Debug|Any CPU
		{7AB1710C-18A6-405E-B7F7-768EBDF91A2A}.Release|Any CPU.ActiveCfg = Release|Any CPU
		{7AB1710C-18A6-405E-B7F7-768EBDF91A2A}.Release|Any CPU.Build.0 = Release|Any CPU
		{4DA97798-4D12-47D4-8E7F-59DFD53705FC}.Debug|Any CPU.ActiveCfg = Debug|Any CPU
		{4DA97798-4D12-47D4-8E7F-59DFD53705FC}.Debug|Any CPU.Build.0 = Debug|Any CPU
		{4DA97798-4D12-47D4-8E7F-59DFD53705FC}.Release|Any CPU.ActiveCfg = Release|Any CPU
		{4DA97798-4D12-47D4-8E7F-59DFD53705FC}.Release|Any CPU.Build.0 = Release|Any CPU
		{8428AEDF-5FD5-4201-8F8F-FBCA4A9036C5}.Debug|Any CPU.ActiveCfg = Debug|Any CPU
		{8428AEDF-5FD5-4201-8F8F-FBCA4A9036C5}.Debug|Any CPU.Build.0 = Debug|Any CPU
		{8428AEDF-5FD5-4201-8F8F-FBCA4A9036C5}.Release|Any CPU.ActiveCfg = Release|Any CPU
		{8428AEDF-5FD5-4201-8F8F-FBCA4A9036C5}.Release|Any CPU.Build.0 = Release|Any CPU
		{3482FC2C-3496-46D5-A39C-3DEDE482F7A0}.Debug|Any CPU.ActiveCfg = Debug|Any CPU
		{3482FC2C-3496-46D5-A39C-3DEDE482F7A0}.Debug|Any CPU.Build.0 = Debug|Any CPU
		{3482FC2C-3496-46D5-A39C-3DEDE482F7A0}.Release|Any CPU.ActiveCfg = Release|Any CPU
		{3482FC2C-3496-46D5-A39C-3DEDE482F7A0}.Release|Any CPU.Build.0 = Release|Any CPU
	EndGlobalSection
	GlobalSection(SolutionProperties) = preSolution
		HideSolutionNode = FALSE
	EndGlobalSection
	GlobalSection(ExtensibilityGlobals) = postSolution
		SolutionGuid = {2198F887-753D-479D-9D16-CE4AF48AD18E}
	EndGlobalSection
EndGlobal
